
Microsoft Visual Studio Solution File, Format Version 12.00
# Visual Studio 15
VisualStudioVersion = 15.0.27130.2027
MinimumVisualStudioVersion = 10.0.40219.1
Project("{FAE04EC0-301F-11D3-BF4B-00C04F79EFBC}") = "AnnelidaDispatcher", "AnnelidaDispatcher\AnnelidaDispatcher.csproj", "{CD57BD03-19D7-4D6B-9597-E51525BC214C}"
EndProject
Project("{FAE04EC0-301F-11D3-BF4B-00C04F79EFBC}") = "ReceiveBsonFromDispatcher", "ReceiveBsonFromDispatcher\ReceiveBsonFromDispatcher.csproj", "{A17AC5C0-945D-4C21-B68B-5FC67BFFBB25}"
EndProject
Project("{FAE04EC0-301F-11D3-BF4B-00C04F79EFBC}") = "SendBsonToDispatcher", "SendBsonToDispatcher\SendBsonToDispatcher.csproj", "{E62775A2-0ED9-4BBA-9F25-E93E212BF308}"
EndProject
Project("{FAE04EC0-301F-11D3-BF4B-00C04F79EFBC}") = "SendGUI", "SendGUI\SendGUI.csproj", "{A85920B6-455C-4D48-95F9-9E00612C224D}"
EndProject
Project("{FAE04EC0-301F-11D3-BF4B-00C04F79EFBC}") = "ReceiveProtobuf", "ReceiveProtobuf\ReceiveProtobuf.csproj", "{DAE31FBF-AF95-4DFA-BC88-E8C3D200ED95}"
EndProject
Global
	GlobalSection(SolutionConfigurationPlatforms) = preSolution
		Debug|Any CPU = Debug|Any CPU
		Release|Any CPU = Release|Any CPU
	EndGlobalSection
	GlobalSection(ProjectConfigurationPlatforms) = postSolution
		{CD57BD03-19D7-4D6B-9597-E51525BC214C}.Debug|Any CPU.ActiveCfg = Debug|Any CPU
		{CD57BD03-19D7-4D6B-9597-E51525BC214C}.Debug|Any CPU.Build.0 = Debug|Any CPU
		{CD57BD03-19D7-4D6B-9597-E51525BC214C}.Release|Any CPU.ActiveCfg = Release|Any CPU
		{CD57BD03-19D7-4D6B-9597-E51525BC214C}.Release|Any CPU.Build.0 = Release|Any CPU
		{A17AC5C0-945D-4C21-B68B-5FC67BFFBB25}.Debug|Any CPU.ActiveCfg = Debug|Any CPU
		{A17AC5C0-945D-4C21-B68B-5FC67BFFBB25}.Debug|Any CPU.Build.0 = Debug|Any CPU
		{A17AC5C0-945D-4C21-B68B-5FC67BFFBB25}.Release|Any CPU.ActiveCfg = Release|Any CPU
		{A17AC5C0-945D-4C21-B68B-5FC67BFFBB25}.Release|Any CPU.Build.0 = Release|Any CPU
		{E62775A2-0ED9-4BBA-9F25-E93E212BF308}.Debug|Any CPU.ActiveCfg = Debug|Any CPU
		{E62775A2-0ED9-4BBA-9F25-E93E212BF308}.Debug|Any CPU.Build.0 = Debug|Any CPU
		{E62775A2-0ED9-4BBA-9F25-E93E212BF308}.Release|Any CPU.ActiveCfg = Release|Any CPU
		{E62775A2-0ED9-4BBA-9F25-E93E212BF308}.Release|Any CPU.Build.0 = Release|Any CPU
		{A85920B6-455C-4D48-95F9-9E00612C224D}.Debug|Any CPU.ActiveCfg = Debug|Any CPU
		{A85920B6-455C-4D48-95F9-9E00612C224D}.Debug|Any CPU.Build.0 = Debug|Any CPU
		{A85920B6-455C-4D48-95F9-9E00612C224D}.Release|Any CPU.ActiveCfg = Release|Any CPU
		{A85920B6-455C-4D48-95F9-9E00612C224D}.Release|Any CPU.Build.0 = Release|Any CPU
		{DAE31FBF-AF95-4DFA-BC88-E8C3D200ED95}.Debug|Any CPU.ActiveCfg = Debug|Any CPU
		{DAE31FBF-AF95-4DFA-BC88-E8C3D200ED95}.Debug|Any CPU.Build.0 = Debug|Any CPU
		{DAE31FBF-AF95-4DFA-BC88-E8C3D200ED95}.Release|Any CPU.ActiveCfg = Release|Any CPU
		{DAE31FBF-AF95-4DFA-BC88-E8C3D200ED95}.Release|Any CPU.Build.0 = Release|Any CPU
	EndGlobalSection
	GlobalSection(SolutionProperties) = preSolution
		HideSolutionNode = FALSE
	EndGlobalSection
	GlobalSection(ExtensibilityGlobals) = postSolution
		SolutionGuid = {38BAB781-15E1-4A74-80F9-0B72D5CD8839}
	EndGlobalSection
EndGlobal
