
Microsoft Visual Studio Solution File, Format Version 12.00
# Visual Studio 14
VisualStudioVersion = 14.0.25420.1
MinimumVisualStudioVersion = 10.0.40219.1
Project("{FAE04EC0-301F-11D3-BF4B-00C04F79EFBC}") = "AnnelidaDispatcher", "AnnelidaDispatcher\AnnelidaDispatcher.csproj", "{CD57BD03-19D7-4D6B-9597-E51525BC214C}"
EndProject
Project("{FAE04EC0-301F-11D3-BF4B-00C04F79EFBC}") = "ReceiveBsonFromDispatcher", "ReceiveBsonFromDispatcher\ReceiveBsonFromDispatcher.csproj", "{A17AC5C0-945D-4C21-B68B-5FC67BFFBB25}"
EndProject
Project("{FAE04EC0-301F-11D3-BF4B-00C04F79EFBC}") = "SendBsonToDispatcher", "SendBsonToDispatcher\SendBsonToDispatcher.csproj", "{E62775A2-0ED9-4BBA-9F25-E93E212BF308}"
EndProject
Project("{FAE04EC0-301F-11D3-BF4B-00C04F79EFBC}") = "ConsoleApplication1", "ConsoleApplication1\ConsoleApplication1.csproj", "{DAB95A36-1AA3-4CE1-9836-4CB18BC9E8D0}"
EndProject
Global
	GlobalSection(SolutionConfigurationPlatforms) = preSolution
		Debug|Any CPU = Debug|Any CPU
		Release|Any CPU = Release|Any CPU
	EndGlobalSection
	GlobalSection(ProjectConfigurationPlatforms) = postSolution
		{CD57BD03-19D7-4D6B-9597-E51525BC214C}.Debug|Any CPU.ActiveCfg = Debug|Any CPU
		{CD57BD03-19D7-4D6B-9597-E51525BC214C}.Debug|Any CPU.Build.0 = Debug|Any CPU
		{CD57BD03-19D7-4D6B-9597-E51525BC214C}.Release|Any CPU.ActiveCfg = Release|Any CPU
		{CD57BD03-19D7-4D6B-9597-E51525BC214C}.Release|Any CPU.Build.0 = Release|Any CPU
		{A17AC5C0-945D-4C21-B68B-5FC67BFFBB25}.Debug|Any CPU.ActiveCfg = Debug|Any CPU
		{A17AC5C0-945D-4C21-B68B-5FC67BFFBB25}.Debug|Any CPU.Build.0 = Debug|Any CPU
		{A17AC5C0-945D-4C21-B68B-5FC67BFFBB25}.Release|Any CPU.ActiveCfg = Release|Any CPU
		{A17AC5C0-945D-4C21-B68B-5FC67BFFBB25}.Release|Any CPU.Build.0 = Release|Any CPU
		{E62775A2-0ED9-4BBA-9F25-E93E212BF308}.Debug|Any CPU.ActiveCfg = Debug|Any CPU
		{E62775A2-0ED9-4BBA-9F25-E93E212BF308}.Debug|Any CPU.Build.0 = Debug|Any CPU
		{E62775A2-0ED9-4BBA-9F25-E93E212BF308}.Release|Any CPU.ActiveCfg = Release|Any CPU
		{E62775A2-0ED9-4BBA-9F25-E93E212BF308}.Release|Any CPU.Build.0 = Release|Any CPU
		{DAB95A36-1AA3-4CE1-9836-4CB18BC9E8D0}.Debug|Any CPU.ActiveCfg = Debug|Any CPU
		{DAB95A36-1AA3-4CE1-9836-4CB18BC9E8D0}.Debug|Any CPU.Build.0 = Debug|Any CPU
		{DAB95A36-1AA3-4CE1-9836-4CB18BC9E8D0}.Release|Any CPU.ActiveCfg = Release|Any CPU
		{DAB95A36-1AA3-4CE1-9836-4CB18BC9E8D0}.Release|Any CPU.Build.0 = Release|Any CPU
	EndGlobalSection
	GlobalSection(SolutionProperties) = preSolution
		HideSolutionNode = FALSE
	EndGlobalSection
EndGlobal
